// !$*UTF8*$!
{
	archiveVersion = 1;
	classes = {
	};
	objectVersion = 50;
	objects = {

/* Begin PBXBuildFile section */
		353759B72334F8B8000B8FD4 /* AppDelegate.swift in Sources */ = {isa = PBXBuildFile; fileRef = 353759B62334F8B8000B8FD4 /* AppDelegate.swift */; };
		353759B92334F8B8000B8FD4 /* SceneDelegate.swift in Sources */ = {isa = PBXBuildFile; fileRef = 353759B82334F8B8000B8FD4 /* SceneDelegate.swift */; };
		353759BB2334F8B8000B8FD4 /* ContentView.swift in Sources */ = {isa = PBXBuildFile; fileRef = 353759BA2334F8B8000B8FD4 /* ContentView.swift */; };
		353759BD2334F8BA000B8FD4 /* Assets.xcassets in Resources */ = {isa = PBXBuildFile; fileRef = 353759BC2334F8BA000B8FD4 /* Assets.xcassets */; };
		353759C02334F8BA000B8FD4 /* Preview Assets.xcassets in Resources */ = {isa = PBXBuildFile; fileRef = 353759BF2334F8BA000B8FD4 /* Preview Assets.xcassets */; };
		353759C32334F8BA000B8FD4 /* LaunchScreen.storyboard in Resources */ = {isa = PBXBuildFile; fileRef = 353759C12334F8BA000B8FD4 /* LaunchScreen.storyboard */; };
/* End PBXBuildFile section */

/* Begin PBXFileReference section */
		353759B32334F8B8000B8FD4 /* draw.app */ = {isa = PBXFileReference; explicitFileType = wrapper.application; includeInIndex = 0; path = draw.app; sourceTree = BUILT_PRODUCTS_DIR; };
		353759B62334F8B8000B8FD4 /* AppDelegate.swift */ = {isa = PBXFileReference; lastKnownFileType = sourcecode.swift; path = AppDelegate.swift; sourceTree = "<group>"; };
		353759B82334F8B8000B8FD4 /* SceneDelegate.swift */ = {isa = PBXFileReference; lastKnownFileType = sourcecode.swift; path = SceneDelegate.swift; sourceTree = "<group>"; };
		353759BA2334F8B8000B8FD4 /* ContentView.swift */ = {isa = PBXFileReference; lastKnownFileType = sourcecode.swift; path = ContentView.swift; sourceTree = "<group>"; };
		353759BC2334F8BA000B8FD4 /* Assets.xcassets */ = {isa = PBXFileReference; lastKnownFileType = folder.assetcatalog; path = Assets.xcassets; sourceTree = "<group>"; };
		353759BF2334F8BA000B8FD4 /* Preview Assets.xcassets */ = {isa = PBXFileReference; lastKnownFileType = folder.assetcatalog; path = "Preview Assets.xcassets"; sourceTree = "<group>"; };
		353759C22334F8BA000B8FD4 /* Base */ = {isa = PBXFileReference; lastKnownFileType = file.storyboard; name = Base; path = Base.lproj/LaunchScreen.storyboard; sourceTree = "<group>"; };
		353759C42334F8BA000B8FD4 /* Info.plist */ = {isa = PBXFileReference; lastKnownFileType = text.plist.xml; path = Info.plist; sourceTree = "<group>"; };
/* End PBXFileReference section */

/* Begin PBXFrameworksBuildPhase section */
		353759B02334F8B8000B8FD4 /* Frameworks */ = {
			isa = PBXFrameworksBuildPhase;
			buildActionMask = 2147483647;
			files = (
			);
			runOnlyForDeploymentPostprocessing = 0;
		};
/* End PBXFrameworksBuildPhase section */

/* Begin PBXGroup section */
		353759AA2334F8B8000B8FD4 = {
			isa = PBXGroup;
			children = (
				353759B52334F8B8000B8FD4 /* draw */,
				353759B42334F8B8000B8FD4 /* Products */,
			);
			sourceTree = "<group>";
		};
		353759B42334F8B8000B8FD4 /* Products */ = {
			isa = PBXGroup;
			children = (
				353759B32334F8B8000B8FD4 /* draw.app */,
			);
			name = Products;
			sourceTree = "<group>";
		};
		353759B52334F8B8000B8FD4 /* draw */ = {
			isa = PBXGroup;
			children = (
				353759B62334F8B8000B8FD4 /* AppDelegate.swift */,
				353759B82334F8B8000B8FD4 /* SceneDelegate.swift */,
				353759BA2334F8B8000B8FD4 /* ContentView.swift */,
				353759BC2334F8BA000B8FD4 /* Assets.xcassets */,
				353759C12334F8BA000B8FD4 /* LaunchScreen.storyboard */,
				353759C42334F8BA000B8FD4 /* Info.plist */,
				353759BE2334F8BA000B8FD4 /* Preview Content */,
			);
			path = draw;
			sourceTree = "<group>";
		};
		353759BE2334F8BA000B8FD4 /* Preview Content */ = {
			isa = PBXGroup;
			children = (
				353759BF2334F8BA000B8FD4 /* Preview Assets.xcassets */,
			);
			path = "Preview Content";
			sourceTree = "<group>";
		};
/* End PBXGroup section */

/* Begin PBXNativeTarget section */
		353759B22334F8B8000B8FD4 /* draw */ = {
			isa = PBXNativeTarget;
			buildConfigurationList = 353759C72334F8BA000B8FD4 /* Build configuration list for PBXNativeTarget "draw" */;
			buildPhases = (
				353759AF2334F8B8000B8FD4 /* Sources */,
				353759B02334F8B8000B8FD4 /* Frameworks */,
				353759B12334F8B8000B8FD4 /* Resources */,
			);
			buildRules = (
			);
			dependencies = (
			);
			name = draw;
			productName = draw;
			productReference = 353759B32334F8B8000B8FD4 /* draw.app */;
			productType = "com.apple.product-type.application";
		};
/* End PBXNativeTarget section */

/* Begin PBXProject section */
		353759AB2334F8B8000B8FD4 /* Project object */ = {
			isa = PBXProject;
			attributes = {
				LastSwiftUpdateCheck = 1100;
				LastUpgradeCheck = 1100;
				ORGANIZATIONNAME = User23;
				TargetAttributes = {
					353759B22334F8B8000B8FD4 = {
						CreatedOnToolsVersion = 11.0;
					};
				};
			};
			buildConfigurationList = 353759AE2334F8B8000B8FD4 /* Build configuration list for PBXProject "draw" */;
			compatibilityVersion = "Xcode 9.3";
			developmentRegion = en;
			hasScannedForEncodings = 0;
			knownRegions = (
				en,
				Base,
			);
			mainGroup = 353759AA2334F8B8000B8FD4;
			productRefGroup = 353759B42334F8B8000B8FD4 /* Products */;
			projectDirPath = "";
			projectRoot = "";
			targets = (
				353759B22334F8B8000B8FD4 /* draw */,
			);
		};
/* End PBXProject section */

/* Begin PBXResourcesBuildPhase section */
		353759B12334F8B8000B8FD4 /* Resources */ = {
			isa = PBXResourcesBuildPhase;
			buildActionMask = 2147483647;
			files = (
				353759C32334F8BA000B8FD4 /* LaunchScreen.storyboard in Resources */,
				353759C02334F8BA000B8FD4 /* Preview Assets.xcassets in Resources */,
				353759BD2334F8BA000B8FD4 /* Assets.xcassets in Resources */,
			);
			runOnlyForDeploymentPostprocessing = 0;
		};
/* End PBXResourcesBuildPhase section */

/* Begin PBXSourcesBuildPhase section */
		353759AF2334F8B8000B8FD4 /* Sources */ = {
			isa = PBXSourcesBuildPhase;
			buildActionMask = 2147483647;
			files = (
				353759B72334F8B8000B8FD4 /* AppDelegate.swift in Sources */,
				353759B92334F8B8000B8FD4 /* SceneDelegate.swift in Sources */,
				353759BB2334F8B8000B8FD4 /* ContentView.swift in Sources */,
			);
			runOnlyForDeploymentPostprocessing = 0;
		};
/* End PBXSourcesBuildPhase section */

/* Begin PBXVariantGroup section */
		353759C12334F8BA000B8FD4 /* LaunchScreen.storyboard */ = {
			isa = PBXVariantGroup;
			children = (
				353759C22334F8BA000B8FD4 /* Base */,
			);
			name = LaunchScreen.storyboard;
			sourceTree = "<group>";
		};
/* End PBXVariantGroup section */

/* Begin XCBuildConfiguration section */
		353759C52334F8BA000B8FD4 /* Debug */ = {
			isa = XCBuildConfiguration;
			buildSettings = {
				ALWAYS_SEARCH_USER_PATHS = NO;
				CLANG_ANALYZER_NONNULL = YES;
				CLANG_ANALYZER_NUMBER_OBJECT_CONVERSION = YES_AGGRESSIVE;
				CLANG_CXX_LANGUAGE_STANDARD = "gnu++14";
				CLANG_CXX_LIBRARY = "libc++";
				CLANG_ENABLE_MODULES = YES;
				CLANG_ENABLE_OBJC_ARC = YES;
				CLANG_ENABLE_OBJC_WEAK = YES;
				CLANG_WARN_BLOCK_CAPTURE_AUTORELEASING = YES;
				CLANG_WARN_BOOL_CONVERSION = YES;
				CLANG_WARN_COMMA = YES;
				CLANG_WARN_CONSTANT_CONVERSION = YES;
				CLANG_WARN_DEPRECATED_OBJC_IMPLEMENTATIONS = YES;
				CLANG_WARN_DIRECT_OBJC_ISA_USAGE = YES_ERROR;
				CLANG_WARN_DOCUMENTATION_COMMENTS = YES;
				CLANG_WARN_EMPTY_BODY = YES;
				CLANG_WARN_ENUM_CONVERSION = YES;
				CLANG_WARN_INFINITE_RECURSION = YES;
				CLANG_WARN_INT_CONVERSION = YES;
				CLANG_WARN_NON_LITERAL_NULL_CONVERSION = YES;
				CLANG_WARN_OBJC_IMPLICIT_RETAIN_SELF = YES;
				CLANG_WARN_OBJC_LITERAL_CONVERSION = YES;
				CLANG_WARN_OBJC_ROOT_CLASS = YES_ERROR;
				CLANG_WARN_RANGE_LOOP_ANALYSIS = YES;
				CLANG_WARN_STRICT_PROTOTYPES = YES;
				CLANG_WARN_SUSPICIOUS_MOVE = YES;
				CLANG_WARN_UNGUARDED_AVAILABILITY = YES_AGGRESSIVE;
				CLANG_WARN_UNREACHABLE_CODE = YES;
				CLANG_WARN__DUPLICATE_METHOD_MATCH = YES;
				COPY_PHASE_STRIP = NO;
				DEBUG_INFORMATION_FORMAT = dwarf;
				ENABLE_STRICT_OBJC_MSGSEND = YES;
				ENABLE_TESTABILITY = YES;
				GCC_C_LANGUAGE_STANDARD = gnu11;
				GCC_DYNAMIC_NO_PIC = NO;
				GCC_NO_COMMON_BLOCKS = YES;
				GCC_OPTIMIZATION_LEVEL = 0;
				GCC_PREPROCESSOR_DEFINITIONS = (
					"DEBUG=1",
					"$(inherited)",
				);
				GCC_WARN_64_TO_32_BIT_CONVERSION = YES;
				GCC_WARN_ABOUT_RETURN_TYPE = YES_ERROR;
				GCC_WARN_UNDECLARED_SELECTOR = YES;
				GCC_WARN_UNINITIALIZED_AUTOS = YES_AGGRESSIVE;
				GCC_WARN_UNUSED_FUNCTION = YES;
				GCC_WARN_UNUSED_VARIABLE = YES;
				IPHONEOS_DEPLOYMENT_TARGET = 13.0;
				MTL_ENABLE_DEBUG_INFO = INCLUDE_SOURCE;
				MTL_FAST_MATH = YES;
				ONLY_ACTIVE_ARCH = YES;
				SDKROOT = iphoneos;
				SWIFT_ACTIVE_COMPILATION_CONDITIONS = DEBUG;
				SWIFT_OPTIMIZATION_LEVEL = "-Onone";
			};
			name = Debug;
		};
		353759C62334F8BA000B8FD4 /* Release */ = {
			isa = XCBuildConfiguration;
			buildSettings = {
				ALWAYS_SEARCH_USER_PATHS = NO;
				CLANG_ANALYZER_NONNULL = YES;
				CLANG_ANALYZER_NUMBER_OBJECT_CONVERSION = YES_AGGRESSIVE;
				CLANG_CXX_LANGUAGE_STANDARD = "gnu++14";
				CLANG_CXX_LIBRARY = "libc++";
				CLANG_ENABLE_MODULES = YES;
				CLANG_ENABLE_OBJC_ARC = YES;
				CLANG_ENABLE_OBJC_WEAK = YES;
				CLANG_WARN_BLOCK_CAPTURE_AUTORELEASING = YES;
				CLANG_WARN_BOOL_CONVERSION = YES;
				CLANG_WARN_COMMA = YES;
				CLANG_WARN_CONSTANT_CONVERSION = YES;
				CLANG_WARN_DEPRECATED_OBJC_IMPLEMENTATIONS = YES;
				CLANG_WARN_DIRECT_OBJC_ISA_USAGE = YES_ERROR;
				CLANG_WARN_DOCUMENTATION_COMMENTS = YES;
				CLANG_WARN_EMPTY_BODY = YES;
				CLANG_WARN_ENUM_CONVERSION = YES;
				CLANG_WARN_INFINITE_RECURSION = YES;
				CLANG_WARN_INT_CONVERSION = YES;
				CLANG_WARN_NON_LITERAL_NULL_CONVERSION = YES;
				CLANG_WARN_OBJC_IMPLICIT_RETAIN_SELF = YES;
				CLANG_WARN_OBJC_LITERAL_CONVERSION = YES;
				CLANG_WARN_OBJC_ROOT_CLASS = YES_ERROR;
				CLANG_WARN_RANGE_LOOP_ANALYSIS = YES;
				CLANG_WARN_STRICT_PROTOTYPES = YES;
				CLANG_WARN_SUSPICIOUS_MOVE = YES;
				CLANG_WARN_UNGUARDED_AVAILABILITY = YES_AGGRESSIVE;
				CLANG_WARN_UNREACHABLE_CODE = YES;
				CLANG_WARN__DUPLICATE_METHOD_MATCH = YES;
				COPY_PHASE_STRIP = NO;
				DEBUG_INFORMATION_FORMAT = "dwarf-with-dsym";
				ENABLE_NS_ASSERTIONS = NO;
				ENABLE_STRICT_OBJC_MSGSEND = YES;
				GCC_C_LANGUAGE_STANDARD = gnu11;
				GCC_NO_COMMON_BLOCKS = YES;
				GCC_WARN_64_TO_32_BIT_CONVERSION = YES;
				GCC_WARN_ABOUT_RETURN_TYPE = YES_ERROR;
				GCC_WARN_UNDECLARED_SELECTOR = YES;
				GCC_WARN_UNINITIALIZED_AUTOS = YES_AGGRESSIVE;
				GCC_WARN_UNUSED_FUNCTION = YES;
				GCC_WARN_UNUSED_VARIABLE = YES;
				IPHONEOS_DEPLOYMENT_TARGET = 13.0;
				MTL_ENABLE_DEBUG_INFO = NO;
				MTL_FAST_MATH = YES;
				SDKROOT = iphoneos;
				SWIFT_COMPILATION_MODE = wholemodule;
				SWIFT_OPTIMIZATION_LEVEL = "-O";
				VALIDATE_PRODUCT = YES;
			};
			name = Release;
		};
		353759C82334F8BA000B8FD4 /* Debug */ = {
			isa = XCBuildConfiguration;
			buildSettings = {
				ASSETCATALOG_COMPILER_APPICON_NAME = AppIcon;
				CODE_SIGN_STYLE = Automatic;
				DEVELOPMENT_ASSET_PATHS = "\"draw/Preview Content\"";
				ENABLE_PREVIEWS = YES;
				INFOPLIST_FILE = draw/Info.plist;
				LD_RUNPATH_SEARCH_PATHS = (
					"$(inherited)",
					"@executable_path/Frameworks",
				);
				PRODUCT_BUNDLE_IDENTIFIER = "-0657005.draw";
				PRODUCT_NAME = "$(TARGET_NAME)";
				SWIFT_VERSION = 5.0;
				TARGETED_DEVICE_FAMILY = "1,2";
			};
			name = Debug;
		};
		353759C92334F8BA000B8FD4 /* Release */ = {
			isa = XCBuildConfiguration;
			buildSettings = {
				ASSETCATALOG_COMPILER_APPICON_NAME = AppIcon;
				CODE_SIGN_STYLE = Automatic;
				DEVELOPMENT_ASSET_PATHS = "\"draw/Preview Content\"";
				ENABLE_PREVIEWS = YES;
				INFOPLIST_FILE = draw/Info.plist;
				LD_RUNPATH_SEARCH_PATHS = (
					"$(inherited)",
					"@executable_path/Frameworks",
				);
				PRODUCT_BUNDLE_IDENTIFIER = "-0657005.draw";
				PRODUCT_NAME = "$(TARGET_NAME)";
				SWIFT_VERSION = 5.0;
				TARGETED_DEVICE_FAMILY = "1,2";
			};
			name = Release;
		};
/* End XCBuildConfiguration section */

/* Begin XCConfigurationList section */
		353759AE2334F8B8000B8FD4 /* Build configuration list for PBXProject "draw" */ = {
			isa = XCConfigurationList;
			buildConfigurations = (
				353759C52334F8BA000B8FD4 /* Debug */,
				353759C62334F8BA000B8FD4 /* Release */,
			);
			defaultConfigurationIsVisible = 0;
			defaultConfigurationName = Release;
		};
		353759C72334F8BA000B8FD4 /* Build configuration list for PBXNativeTarget "draw" */ = {
			isa = XCConfigurationList;
			buildConfigurations = (
				353759C82334F8BA000B8FD4 /* Debug */,
				353759C92334F8BA000B8FD4 /* Release */,
			);
			defaultConfigurationIsVisible = 0;
			defaultConfigurationName = Release;
		};
/* End XCConfigurationList section */
	};
	rootObject = 353759AB2334F8B8000B8FD4 /* Project object */;
}
